// !$*UTF8*$!
{
	archiveVersion = 1;
	classes = {
	};
	objectVersion = 48;
	objects = {

/* Begin PBXBuildFile section */
		2DF8F5931FCCB04B0023FBAF /* SearchViewController.m in Sources */ = {isa = PBXBuildFile; fileRef = 2DF8F5921FCCB04B0023FBAF /* SearchViewController.m */; };
		2DF8F59C1FCCE7D20023FBAF /* RecipeTableViewCell.m in Sources */ = {isa = PBXBuildFile; fileRef = 2DF8F59B1FCCE7D20023FBAF /* RecipeTableViewCell.m */; };
		2DF8F5CA1FCDE90B0023FBAF /* RecipeListViewController.m in Sources */ = {isa = PBXBuildFile; fileRef = 2DF8F5C91FCDE90B0023FBAF /* RecipeListViewController.m */; };
		2DF8F5CD1FCDEE810023FBAF /* RecipeViewController.m in Sources */ = {isa = PBXBuildFile; fileRef = 2DF8F5CC1FCDEE810023FBAF /* RecipeViewController.m */; };
		2DF8F5D01FCDEF270023FBAF /* RecipeDetailViewController.m in Sources */ = {isa = PBXBuildFile; fileRef = 2DF8F5CF1FCDEF270023FBAF /* RecipeDetailViewController.m */; };
		2DF8F5DA1FCDFD090023FBAF /* Recipe+customInitializer.m in Sources */ = {isa = PBXBuildFile; fileRef = 2DF8F5D91FCDFD090023FBAF /* Recipe+customInitializer.m */; };
		2DF8F5E01FCE45DF0023FBAF /* SavedRecipesTableViewCell.m in Sources */ = {isa = PBXBuildFile; fileRef = 2DF8F5DF1FCE45DF0023FBAF /* SavedRecipesTableViewCell.m */; };
		C0708A1E1FCC825E003DD748 /* AppDelegate.m in Sources */ = {isa = PBXBuildFile; fileRef = C0708A1D1FCC825E003DD748 /* AppDelegate.m */; };
		C0708A211FCC825E003DD748 /* ViewController.m in Sources */ = {isa = PBXBuildFile; fileRef = C0708A201FCC825E003DD748 /* ViewController.m */; };
		C0708A241FCC825E003DD748 /* Main.storyboard in Resources */ = {isa = PBXBuildFile; fileRef = C0708A221FCC825E003DD748 /* Main.storyboard */; };
		C0708A271FCC825E003DD748 /* RecipeApp.xcdatamodeld in Sources */ = {isa = PBXBuildFile; fileRef = C0708A251FCC825E003DD748 /* RecipeApp.xcdatamodeld */; };
		C0708A291FCC825E003DD748 /* Assets.xcassets in Resources */ = {isa = PBXBuildFile; fileRef = C0708A281FCC825E003DD748 /* Assets.xcassets */; };
		C0708A2C1FCC825E003DD748 /* LaunchScreen.storyboard in Resources */ = {isa = PBXBuildFile; fileRef = C0708A2A1FCC825E003DD748 /* LaunchScreen.storyboard */; };
		C0708A2F1FCC825E003DD748 /* main.m in Sources */ = {isa = PBXBuildFile; fileRef = C0708A2E1FCC825E003DD748 /* main.m */; };
		C0F78BE61FCEFBA5009BA146 /* SettingsViewController.m in Sources */ = {isa = PBXBuildFile; fileRef = C0F78BE51FCEFBA5009BA146 /* SettingsViewController.m */; };
		C0F78BE91FCEFF8F009BA146 /* SearchResultRecipe.m in Sources */ = {isa = PBXBuildFile; fileRef = C0F78BE81FCEFF8F009BA146 /* SearchResultRecipe.m */; };
		C0FDB82E1FCE32300025F442 /* Recipe+CoreDataClass.m in Sources */ = {isa = PBXBuildFile; fileRef = C0FDB82C1FCE32300025F442 /* Recipe+CoreDataClass.m */; };
		C0FDB82F1FCE32300025F442 /* Recipe+CoreDataProperties.m in Sources */ = {isa = PBXBuildFile; fileRef = C0FDB82D1FCE32300025F442 /* Recipe+CoreDataProperties.m */; };
/* End PBXBuildFile section */

/* Begin PBXFileReference section */
		2DF8F5911FCCB04B0023FBAF /* SearchViewController.h */ = {isa = PBXFileReference; lastKnownFileType = sourcecode.c.h; path = SearchViewController.h; sourceTree = "<group>"; };
		2DF8F5921FCCB04B0023FBAF /* SearchViewController.m */ = {isa = PBXFileReference; lastKnownFileType = sourcecode.c.objc; path = SearchViewController.m; sourceTree = "<group>"; };
		2DF8F59A1FCCE7D20023FBAF /* RecipeTableViewCell.h */ = {isa = PBXFileReference; lastKnownFileType = sourcecode.c.h; path = RecipeTableViewCell.h; sourceTree = "<group>"; };
		2DF8F59B1FCCE7D20023FBAF /* RecipeTableViewCell.m */ = {isa = PBXFileReference; lastKnownFileType = sourcecode.c.objc; path = RecipeTableViewCell.m; sourceTree = "<group>"; };
		2DF8F5C81FCDE90B0023FBAF /* RecipeListViewController.h */ = {isa = PBXFileReference; lastKnownFileType = sourcecode.c.h; path = RecipeListViewController.h; sourceTree = "<group>"; };
		2DF8F5C91FCDE90B0023FBAF /* RecipeListViewController.m */ = {isa = PBXFileReference; lastKnownFileType = sourcecode.c.objc; path = RecipeListViewController.m; sourceTree = "<group>"; };
		2DF8F5CB1FCDEE810023FBAF /* RecipeViewController.h */ = {isa = PBXFileReference; lastKnownFileType = sourcecode.c.h; path = RecipeViewController.h; sourceTree = "<group>"; };
		2DF8F5CC1FCDEE810023FBAF /* RecipeViewController.m */ = {isa = PBXFileReference; lastKnownFileType = sourcecode.c.objc; path = RecipeViewController.m; sourceTree = "<group>"; };
		2DF8F5CE1FCDEF270023FBAF /* RecipeDetailViewController.h */ = {isa = PBXFileReference; lastKnownFileType = sourcecode.c.h; path = RecipeDetailViewController.h; sourceTree = "<group>"; };
		2DF8F5CF1FCDEF270023FBAF /* RecipeDetailViewController.m */ = {isa = PBXFileReference; lastKnownFileType = sourcecode.c.objc; path = RecipeDetailViewController.m; sourceTree = "<group>"; };
		2DF8F5D81FCDFD090023FBAF /* Recipe+customInitializer.h */ = {isa = PBXFileReference; lastKnownFileType = sourcecode.c.h; path = "Recipe+customInitializer.h"; sourceTree = "<group>"; };
		2DF8F5D91FCDFD090023FBAF /* Recipe+customInitializer.m */ = {isa = PBXFileReference; lastKnownFileType = sourcecode.c.objc; path = "Recipe+customInitializer.m"; sourceTree = "<group>"; };
		2DF8F5DE1FCE45DF0023FBAF /* SavedRecipesTableViewCell.h */ = {isa = PBXFileReference; lastKnownFileType = sourcecode.c.h; path = SavedRecipesTableViewCell.h; sourceTree = "<group>"; };
		2DF8F5DF1FCE45DF0023FBAF /* SavedRecipesTableViewCell.m */ = {isa = PBXFileReference; lastKnownFileType = sourcecode.c.objc; path = SavedRecipesTableViewCell.m; sourceTree = "<group>"; };
		C0708A191FCC825E003DD748 /* RecipeApp.app */ = {isa = PBXFileReference; explicitFileType = wrapper.application; includeInIndex = 0; path = RecipeApp.app; sourceTree = BUILT_PRODUCTS_DIR; };
		C0708A1C1FCC825E003DD748 /* AppDelegate.h */ = {isa = PBXFileReference; lastKnownFileType = sourcecode.c.h; path = AppDelegate.h; sourceTree = "<group>"; };
		C0708A1D1FCC825E003DD748 /* AppDelegate.m */ = {isa = PBXFileReference; lastKnownFileType = sourcecode.c.objc; path = AppDelegate.m; sourceTree = "<group>"; };
		C0708A1F1FCC825E003DD748 /* ViewController.h */ = {isa = PBXFileReference; lastKnownFileType = sourcecode.c.h; path = ViewController.h; sourceTree = "<group>"; };
		C0708A201FCC825E003DD748 /* ViewController.m */ = {isa = PBXFileReference; lastKnownFileType = sourcecode.c.objc; path = ViewController.m; sourceTree = "<group>"; };
		C0708A231FCC825E003DD748 /* Base */ = {isa = PBXFileReference; lastKnownFileType = file.storyboard; name = Base; path = Base.lproj/Main.storyboard; sourceTree = "<group>"; };
		C0708A261FCC825E003DD748 /* RecipeApp.xcdatamodel */ = {isa = PBXFileReference; lastKnownFileType = wrapper.xcdatamodel; path = RecipeApp.xcdatamodel; sourceTree = "<group>"; };
		C0708A281FCC825E003DD748 /* Assets.xcassets */ = {isa = PBXFileReference; lastKnownFileType = folder.assetcatalog; path = Assets.xcassets; sourceTree = "<group>"; };
		C0708A2B1FCC825E003DD748 /* Base */ = {isa = PBXFileReference; lastKnownFileType = file.storyboard; name = Base; path = Base.lproj/LaunchScreen.storyboard; sourceTree = "<group>"; };
		C0708A2D1FCC825E003DD748 /* Info.plist */ = {isa = PBXFileReference; lastKnownFileType = text.plist.xml; path = Info.plist; sourceTree = "<group>"; };
		C0708A2E1FCC825E003DD748 /* main.m */ = {isa = PBXFileReference; lastKnownFileType = sourcecode.c.objc; path = main.m; sourceTree = "<group>"; };
		C0F78BE41FCEFBA5009BA146 /* SettingsViewController.h */ = {isa = PBXFileReference; lastKnownFileType = sourcecode.c.h; path = SettingsViewController.h; sourceTree = "<group>"; };
		C0F78BE51FCEFBA5009BA146 /* SettingsViewController.m */ = {isa = PBXFileReference; lastKnownFileType = sourcecode.c.objc; path = SettingsViewController.m; sourceTree = "<group>"; };
		C0F78BE71FCEFF8F009BA146 /* SearchResultRecipe.h */ = {isa = PBXFileReference; lastKnownFileType = sourcecode.c.h; path = SearchResultRecipe.h; sourceTree = "<group>"; };
		C0F78BE81FCEFF8F009BA146 /* SearchResultRecipe.m */ = {isa = PBXFileReference; lastKnownFileType = sourcecode.c.objc; path = SearchResultRecipe.m; sourceTree = "<group>"; };
		C0FDB82A1FCE32300025F442 /* Recipe+CoreDataProperties.h */ = {isa = PBXFileReference; lastKnownFileType = sourcecode.c.h; path = "Recipe+CoreDataProperties.h"; sourceTree = "<group>"; };
		C0FDB82B1FCE32300025F442 /* Recipe+CoreDataClass.h */ = {isa = PBXFileReference; lastKnownFileType = sourcecode.c.h; path = "Recipe+CoreDataClass.h"; sourceTree = "<group>"; };
		C0FDB82C1FCE32300025F442 /* Recipe+CoreDataClass.m */ = {isa = PBXFileReference; lastKnownFileType = sourcecode.c.objc; path = "Recipe+CoreDataClass.m"; sourceTree = "<group>"; };
		C0FDB82D1FCE32300025F442 /* Recipe+CoreDataProperties.m */ = {isa = PBXFileReference; lastKnownFileType = sourcecode.c.objc; path = "Recipe+CoreDataProperties.m"; sourceTree = "<group>"; };
/* End PBXFileReference section */

/* Begin PBXFrameworksBuildPhase section */
		C0708A161FCC825E003DD748 /* Frameworks */ = {
			isa = PBXFrameworksBuildPhase;
			buildActionMask = 2147483647;
			files = (
			);
			runOnlyForDeploymentPostprocessing = 0;
		};
/* End PBXFrameworksBuildPhase section */

/* Begin PBXGroup section */
		2DF8F5E11FCE848C0023FBAF /* Custom Cells */ = {
			isa = PBXGroup;
			children = (
				2DF8F5DE1FCE45DF0023FBAF /* SavedRecipesTableViewCell.h */,
				2DF8F5DF1FCE45DF0023FBAF /* SavedRecipesTableViewCell.m */,
				2DF8F59A1FCCE7D20023FBAF /* RecipeTableViewCell.h */,
				2DF8F59B1FCCE7D20023FBAF /* RecipeTableViewCell.m */,
			);
			path = "Custom Cells";
			sourceTree = "<group>";
		};
		2DF8F5E31FCE84C60023FBAF /* Recipes Class */ = {
			isa = PBXGroup;
			children = (
				C0FDB82A1FCE32300025F442 /* Recipe+CoreDataProperties.h */,
				C0FDB82B1FCE32300025F442 /* Recipe+CoreDataClass.h */,
				C0FDB82C1FCE32300025F442 /* Recipe+CoreDataClass.m */,
				C0FDB82D1FCE32300025F442 /* Recipe+CoreDataProperties.m */,
				2DF8F5D81FCDFD090023FBAF /* Recipe+customInitializer.h */,
				2DF8F5D91FCDFD090023FBAF /* Recipe+customInitializer.m */,
			);
			path = "Recipes Class";
			sourceTree = "<group>";
		};
		C0708A101FCC825E003DD748 = {
			isa = PBXGroup;
			children = (
				C0708A1B1FCC825E003DD748 /* RecipeApp */,
				C0708A1A1FCC825E003DD748 /* Products */,
			);
			sourceTree = "<group>";
		};
		C0708A1A1FCC825E003DD748 /* Products */ = {
			isa = PBXGroup;
			children = (
				C0708A191FCC825E003DD748 /* RecipeApp.app */,
			);
			name = Products;
			sourceTree = "<group>";
		};
		C0708A1B1FCC825E003DD748 /* RecipeApp */ = {
			isa = PBXGroup;
			children = (
				C0708A1C1FCC825E003DD748 /* AppDelegate.h */,
				C0708A1D1FCC825E003DD748 /* AppDelegate.m */,
				C0708A1F1FCC825E003DD748 /* ViewController.h */,
				C0708A201FCC825E003DD748 /* ViewController.m */,
				2DF8F5911FCCB04B0023FBAF /* SearchViewController.h */,
				2DF8F5921FCCB04B0023FBAF /* SearchViewController.m */,
				2DF8F5C81FCDE90B0023FBAF /* RecipeListViewController.h */,
				2DF8F5C91FCDE90B0023FBAF /* RecipeListViewController.m */,
				2DF8F5CB1FCDEE810023FBAF /* RecipeViewController.h */,
				2DF8F5CC1FCDEE810023FBAF /* RecipeViewController.m */,
				2DF8F5CE1FCDEF270023FBAF /* RecipeDetailViewController.h */,
				2DF8F5CF1FCDEF270023FBAF /* RecipeDetailViewController.m */,
				C0F78BE41FCEFBA5009BA146 /* SettingsViewController.h */,
				C0F78BE51FCEFBA5009BA146 /* SettingsViewController.m */,
				C0F78BE71FCEFF8F009BA146 /* SearchResultRecipe.h */,
				C0F78BE81FCEFF8F009BA146 /* SearchResultRecipe.m */,
				2DF8F5E31FCE84C60023FBAF /* Recipes Class */,
				2DF8F5E11FCE848C0023FBAF /* Custom Cells */,
				C0708A221FCC825E003DD748 /* Main.storyboard */,
				C0708A281FCC825E003DD748 /* Assets.xcassets */,
				C0708A2A1FCC825E003DD748 /* LaunchScreen.storyboard */,
				C0708A2D1FCC825E003DD748 /* Info.plist */,
				C0708A2E1FCC825E003DD748 /* main.m */,
				C0708A251FCC825E003DD748 /* RecipeApp.xcdatamodeld */,
			);
			path = RecipeApp;
			sourceTree = "<group>";
		};
/* End PBXGroup section */

/* Begin PBXNativeTarget section */
		C0708A181FCC825E003DD748 /* RecipeApp */ = {
			isa = PBXNativeTarget;
			buildConfigurationList = C0708A321FCC825E003DD748 /* Build configuration list for PBXNativeTarget "RecipeApp" */;
			buildPhases = (
				C0708A151FCC825E003DD748 /* Sources */,
				C0708A161FCC825E003DD748 /* Frameworks */,
				C0708A171FCC825E003DD748 /* Resources */,
			);
			buildRules = (
			);
			dependencies = (
			);
			name = RecipeApp;
			productName = RecipeApp;
			productReference = C0708A191FCC825E003DD748 /* RecipeApp.app */;
			productType = "com.apple.product-type.application";
		};
/* End PBXNativeTarget section */

/* Begin PBXProject section */
		C0708A111FCC825E003DD748 /* Project object */ = {
			isa = PBXProject;
			attributes = {
				LastUpgradeCheck = 0910;
				ORGANIZATIONNAME = "Daniel Grosman";
				TargetAttributes = {
					C0708A181FCC825E003DD748 = {
						CreatedOnToolsVersion = 9.1;
						ProvisioningStyle = Automatic;
					};
				};
			};
			buildConfigurationList = C0708A141FCC825E003DD748 /* Build configuration list for PBXProject "RecipeApp" */;
			compatibilityVersion = "Xcode 8.0";
			developmentRegion = en;
			hasScannedForEncodings = 0;
			knownRegions = (
				en,
				Base,
			);
			mainGroup = C0708A101FCC825E003DD748;
			productRefGroup = C0708A1A1FCC825E003DD748 /* Products */;
			projectDirPath = "";
			projectRoot = "";
			targets = (
				C0708A181FCC825E003DD748 /* RecipeApp */,
			);
		};
/* End PBXProject section */

/* Begin PBXResourcesBuildPhase section */
		C0708A171FCC825E003DD748 /* Resources */ = {
			isa = PBXResourcesBuildPhase;
			buildActionMask = 2147483647;
			files = (
				C0708A2C1FCC825E003DD748 /* LaunchScreen.storyboard in Resources */,
				C0708A291FCC825E003DD748 /* Assets.xcassets in Resources */,
				C0708A241FCC825E003DD748 /* Main.storyboard in Resources */,
			);
			runOnlyForDeploymentPostprocessing = 0;
		};
/* End PBXResourcesBuildPhase section */

/* Begin PBXSourcesBuildPhase section */
		C0708A151FCC825E003DD748 /* Sources */ = {
			isa = PBXSourcesBuildPhase;
			buildActionMask = 2147483647;
			files = (
				C0FDB82F1FCE32300025F442 /* Recipe+CoreDataProperties.m in Sources */,
				C0708A271FCC825E003DD748 /* RecipeApp.xcdatamodeld in Sources */,
				C0708A211FCC825E003DD748 /* ViewController.m in Sources */,
				2DF8F5CD1FCDEE810023FBAF /* RecipeViewController.m in Sources */,
				2DF8F5931FCCB04B0023FBAF /* SearchViewController.m in Sources */,
				C0708A2F1FCC825E003DD748 /* main.m in Sources */,
				2DF8F5CA1FCDE90B0023FBAF /* RecipeListViewController.m in Sources */,
				2DF8F5E01FCE45DF0023FBAF /* SavedRecipesTableViewCell.m in Sources */,
				2DF8F59C1FCCE7D20023FBAF /* RecipeTableViewCell.m in Sources */,
				C0708A1E1FCC825E003DD748 /* AppDelegate.m in Sources */,
				C0FDB82E1FCE32300025F442 /* Recipe+CoreDataClass.m in Sources */,
				C0F78BE91FCEFF8F009BA146 /* SearchResultRecipe.m in Sources */,
				C0F78BE61FCEFBA5009BA146 /* SettingsViewController.m in Sources */,
				2DF8F5D01FCDEF270023FBAF /* RecipeDetailViewController.m in Sources */,
				2DF8F5DA1FCDFD090023FBAF /* Recipe+customInitializer.m in Sources */,
			);
			runOnlyForDeploymentPostprocessing = 0;
		};
/* End PBXSourcesBuildPhase section */

/* Begin PBXVariantGroup section */
		C0708A221FCC825E003DD748 /* Main.storyboard */ = {
			isa = PBXVariantGroup;
			children = (
				C0708A231FCC825E003DD748 /* Base */,
			);
			name = Main.storyboard;
			sourceTree = "<group>";
		};
		C0708A2A1FCC825E003DD748 /* LaunchScreen.storyboard */ = {
			isa = PBXVariantGroup;
			children = (
				C0708A2B1FCC825E003DD748 /* Base */,
			);
			name = LaunchScreen.storyboard;
			sourceTree = "<group>";
		};
/* End PBXVariantGroup section */

/* Begin XCBuildConfiguration section */
		C0708A301FCC825E003DD748 /* Debug */ = {
			isa = XCBuildConfiguration;
			buildSettings = {
				ALWAYS_SEARCH_USER_PATHS = NO;
				CLANG_ANALYZER_NONNULL = YES;
				CLANG_ANALYZER_NUMBER_OBJECT_CONVERSION = YES_AGGRESSIVE;
				CLANG_CXX_LANGUAGE_STANDARD = "gnu++14";
				CLANG_CXX_LIBRARY = "libc++";
				CLANG_ENABLE_MODULES = YES;
				CLANG_ENABLE_OBJC_ARC = YES;
				CLANG_WARN_BLOCK_CAPTURE_AUTORELEASING = YES;
				CLANG_WARN_BOOL_CONVERSION = YES;
				CLANG_WARN_COMMA = YES;
				CLANG_WARN_CONSTANT_CONVERSION = YES;
				CLANG_WARN_DIRECT_OBJC_ISA_USAGE = YES_ERROR;
				CLANG_WARN_DOCUMENTATION_COMMENTS = YES;
				CLANG_WARN_EMPTY_BODY = YES;
				CLANG_WARN_ENUM_CONVERSION = YES;
				CLANG_WARN_INFINITE_RECURSION = YES;
				CLANG_WARN_INT_CONVERSION = YES;
				CLANG_WARN_NON_LITERAL_NULL_CONVERSION = YES;
				CLANG_WARN_OBJC_LITERAL_CONVERSION = YES;
				CLANG_WARN_OBJC_ROOT_CLASS = YES_ERROR;
				CLANG_WARN_RANGE_LOOP_ANALYSIS = YES;
				CLANG_WARN_STRICT_PROTOTYPES = YES;
				CLANG_WARN_SUSPICIOUS_MOVE = YES;
				CLANG_WARN_UNGUARDED_AVAILABILITY = YES_AGGRESSIVE;
				CLANG_WARN_UNREACHABLE_CODE = YES;
				CLANG_WARN__DUPLICATE_METHOD_MATCH = YES;
				CODE_SIGN_IDENTITY = "iPhone Developer";
				COPY_PHASE_STRIP = NO;
				DEBUG_INFORMATION_FORMAT = dwarf;
				ENABLE_STRICT_OBJC_MSGSEND = YES;
				ENABLE_TESTABILITY = YES;
				GCC_C_LANGUAGE_STANDARD = gnu11;
				GCC_DYNAMIC_NO_PIC = NO;
				GCC_NO_COMMON_BLOCKS = YES;
				GCC_OPTIMIZATION_LEVEL = 0;
				GCC_PREPROCESSOR_DEFINITIONS = (
					"DEBUG=1",
					"$(inherited)",
				);
				GCC_WARN_64_TO_32_BIT_CONVERSION = YES;
				GCC_WARN_ABOUT_RETURN_TYPE = YES_ERROR;
				GCC_WARN_UNDECLARED_SELECTOR = YES;
				GCC_WARN_UNINITIALIZED_AUTOS = YES_AGGRESSIVE;
				GCC_WARN_UNUSED_FUNCTION = YES;
				GCC_WARN_UNUSED_VARIABLE = YES;
				IPHONEOS_DEPLOYMENT_TARGET = 11.1;
				MTL_ENABLE_DEBUG_INFO = YES;
				ONLY_ACTIVE_ARCH = YES;
				SDKROOT = iphoneos;
			};
			name = Debug;
		};
		C0708A311FCC825E003DD748 /* Release */ = {
			isa = XCBuildConfiguration;
			buildSettings = {
				ALWAYS_SEARCH_USER_PATHS = NO;
				CLANG_ANALYZER_NONNULL = YES;
				CLANG_ANALYZER_NUMBER_OBJECT_CONVERSION = YES_AGGRESSIVE;
				CLANG_CXX_LANGUAGE_STANDARD = "gnu++14";
				CLANG_CXX_LIBRARY = "libc++";
				CLANG_ENABLE_MODULES = YES;
				CLANG_ENABLE_OBJC_ARC = YES;
				CLANG_WARN_BLOCK_CAPTURE_AUTORELEASING = YES;
				CLANG_WARN_BOOL_CONVERSION = YES;
				CLANG_WARN_COMMA = YES;
				CLANG_WARN_CONSTANT_CONVERSION = YES;
				CLANG_WARN_DIRECT_OBJC_ISA_USAGE = YES_ERROR;
				CLANG_WARN_DOCUMENTATION_COMMENTS = YES;
				CLANG_WARN_EMPTY_BODY = YES;
				CLANG_WARN_ENUM_CONVERSION = YES;
				CLANG_WARN_INFINITE_RECURSION = YES;
				CLANG_WARN_INT_CONVERSION = YES;
				CLANG_WARN_NON_LITERAL_NULL_CONVERSION = YES;
				CLANG_WARN_OBJC_LITERAL_CONVERSION = YES;
				CLANG_WARN_OBJC_ROOT_CLASS = YES_ERROR;
				CLANG_WARN_RANGE_LOOP_ANALYSIS = YES;
				CLANG_WARN_STRICT_PROTOTYPES = YES;
				CLANG_WARN_SUSPICIOUS_MOVE = YES;
				CLANG_WARN_UNGUARDED_AVAILABILITY = YES_AGGRESSIVE;
				CLANG_WARN_UNREACHABLE_CODE = YES;
				CLANG_WARN__DUPLICATE_METHOD_MATCH = YES;
				CODE_SIGN_IDENTITY = "iPhone Developer";
				COPY_PHASE_STRIP = NO;
				DEBUG_INFORMATION_FORMAT = "dwarf-with-dsym";
				ENABLE_NS_ASSERTIONS = NO;
				ENABLE_STRICT_OBJC_MSGSEND = YES;
				GCC_C_LANGUAGE_STANDARD = gnu11;
				GCC_NO_COMMON_BLOCKS = YES;
				GCC_WARN_64_TO_32_BIT_CONVERSION = YES;
				GCC_WARN_ABOUT_RETURN_TYPE = YES_ERROR;
				GCC_WARN_UNDECLARED_SELECTOR = YES;
				GCC_WARN_UNINITIALIZED_AUTOS = YES_AGGRESSIVE;
				GCC_WARN_UNUSED_FUNCTION = YES;
				GCC_WARN_UNUSED_VARIABLE = YES;
				IPHONEOS_DEPLOYMENT_TARGET = 11.1;
				MTL_ENABLE_DEBUG_INFO = NO;
				SDKROOT = iphoneos;
				VALIDATE_PRODUCT = YES;
			};
			name = Release;
		};
		C0708A331FCC825E003DD748 /* Debug */ = {
			isa = XCBuildConfiguration;
			buildSettings = {
				ASSETCATALOG_COMPILER_APPICON_NAME = AppIcon;
				CODE_SIGN_STYLE = Automatic;
				DEVELOPMENT_TEAM = 55BW5T8VB9;
				INFOPLIST_FILE = RecipeApp/Info.plist;
				LD_RUNPATH_SEARCH_PATHS = "$(inherited) @executable_path/Frameworks";
				PRODUCT_BUNDLE_IDENTIFIER = Daniel.Grosman.RecipeApp;
				PRODUCT_NAME = "$(TARGET_NAME)";
				TARGETED_DEVICE_FAMILY = "1,2";
			};
			name = Debug;
		};
		C0708A341FCC825E003DD748 /* Release */ = {
			isa = XCBuildConfiguration;
			buildSettings = {
				ASSETCATALOG_COMPILER_APPICON_NAME = AppIcon;
				CODE_SIGN_STYLE = Automatic;
				DEVELOPMENT_TEAM = 55BW5T8VB9;
				INFOPLIST_FILE = RecipeApp/Info.plist;
				LD_RUNPATH_SEARCH_PATHS = "$(inherited) @executable_path/Frameworks";
				PRODUCT_BUNDLE_IDENTIFIER = Daniel.Grosman.RecipeApp;
				PRODUCT_NAME = "$(TARGET_NAME)";
				TARGETED_DEVICE_FAMILY = "1,2";
			};
			name = Release;
		};
/* End XCBuildConfiguration section */

/* Begin XCConfigurationList section */
		C0708A141FCC825E003DD748 /* Build configuration list for PBXProject "RecipeApp" */ = {
			isa = XCConfigurationList;
			buildConfigurations = (
				C0708A301FCC825E003DD748 /* Debug */,
				C0708A311FCC825E003DD748 /* Release */,
			);
			defaultConfigurationIsVisible = 0;
			defaultConfigurationName = Release;
		};
		C0708A321FCC825E003DD748 /* Build configuration list for PBXNativeTarget "RecipeApp" */ = {
			isa = XCConfigurationList;
			buildConfigurations = (
				C0708A331FCC825E003DD748 /* Debug */,
				C0708A341FCC825E003DD748 /* Release */,
			);
			defaultConfigurationIsVisible = 0;
			defaultConfigurationName = Release;
		};
/* End XCConfigurationList section */

/* Begin XCVersionGroup section */
		C0708A251FCC825E003DD748 /* RecipeApp.xcdatamodeld */ = {
			isa = XCVersionGroup;
			children = (
				C0708A261FCC825E003DD748 /* RecipeApp.xcdatamodel */,
			);
			currentVersion = C0708A261FCC825E003DD748 /* RecipeApp.xcdatamodel */;
			path = RecipeApp.xcdatamodeld;
			sourceTree = "<group>";
			versionGroupType = wrapper.xcdatamodel;
		};
/* End XCVersionGroup section */
	};
	rootObject = C0708A111FCC825E003DD748 /* Project object */;
}
